<?xml version="1.0" encoding="utf-8"?>
<Project xmlns="http://schemas.microsoft.com/developer/msbuild/2003">
  <!-- ===================== Filters ===================== -->
  <ItemGroup>
    <!-- src roots -->
    <Filter Include="src" />
    <Filter Include="src\common" />
    <!-- core (assets/resources) -->
    <Filter Include="src\core" />
    <Filter Include="src\core\asset" />
    <Filter Include="src\core\asset\importers" />
    <!-- input -->
    <Filter Include="src\input" />
    <!-- profiler -->
    <Filter Include="src\profiler" />
    <!-- renderer (root + modules) -->
    <Filter Include="src\renderer" />
    <Filter Include="src\renderer\backend" />
    <Filter Include="src\renderer\backend\memory" />
    <Filter Include="src\renderer\backend\nrd" />
    <Filter Include="src\renderer\backend\descriptors" />
    <Filter Include="src\renderer\backend\pipelines" />
    <Filter Include="src\renderer\backend\shaders" />
    <Filter Include="src\renderer\frame" />
    <Filter Include="src\renderer\scene" />
    <Filter Include="src\renderer\rendergraph" />
    <Filter Include="src\renderer\rendergraph\passes" />
    <Filter Include="src\renderer\rendergraph\passes\graphics" />
    <Filter Include="src\renderer\rendergraph\passes\compute" />
    <Filter Include="src\renderer\rendergraph\passes\command" />
    <Filter Include="src\renderer\rendergraph\scopes" />
    <!-- resources (shaders and assets) -->
    <Filter Include="res" />
    <Filter Include="res\assets" />
    <Filter Include="res\shaders" />
    <Filter Include="res\shaders\clustered" />
    <Filter Include="res\shaders\core" />
    <Filter Include="res\shaders\deprecated" />
    <Filter Include="res\shaders\ssgi" />
    <Filter Include="res\shaders\world_probes" />
    <Filter Include="res\shaders\volumetric_fog" />
    <Filter Include="res\shaders\reflections" />
    <Filter Include="res\shaders\debug" />
    <Filter Include="res\shaders\environment" />
    <Filter Include="res\shaders\sky" />
    <Filter Include="res\shaders\include" />
    <Filter Include="res\shaders\post_process" />
    <Filter Include="res\shaders\shadows" />
    <Filter Include="res\shaders\visibility" />
    <!-- vendor / third-party -->
    <Filter Include="vendor" />
  </ItemGroup>
  <!-- ===================== Sources ===================== -->
  <ItemGroup>
    <!-- PCH generator -->
    <ClCompile Include="src\common\pch.cpp">
      <Filter>src\common</Filter>
    </ClCompile>
    <!-- src root -->
    <ClCompile Include="src\Main.cpp">
      <Filter>src</Filter>
    </ClCompile>
    <!-- core -->
    <ClCompile Include="src\core\Engine.cpp">
      <Filter>src\core</Filter>
    </ClCompile>
    <ClCompile Include="src\core\JobSystem.cpp">
      <Filter>src\core</Filter>
    </ClCompile>
    <ClCompile Include="src\core\asset\AssetManager.cpp">
      <Filter>src\core\asset</Filter>
    </ClCompile>
    <ClCompile Include="src\core\Window.cpp">
      <Filter>src\core</Filter>
    </ClCompile>
    <!-- profiler -->
    <ClCompile Include="src\profiler\Profiler.cpp">
      <Filter>src\profiler</Filter>
    </ClCompile>
    <ClCompile Include="src\profiler\EditorImgui.cpp">
      <Filter>src\profiler</Filter>
    </ClCompile>
    <ClCompile Include="src\profiler\ShaderEditorPanel.cpp">
      <Filter>src\profiler</Filter>
    </ClCompile>
    <!-- input -->
    <ClCompile Include="src\input\Camera.cpp">
      <Filter>src\input</Filter>
    </ClCompile>
    <ClCompile Include="src\input\UserInput.cpp">
      <Filter>src\input</Filter>
    </ClCompile>
    <!-- renderer (root) -->
    <!-- renderer / graph -->
    <ClCompile Include="src\renderer\rendergraph\RenderGraphExecute.cpp">
      <Filter>src\renderer\rendergraph</Filter>
    </ClCompile>
    <ClCompile Include="src\renderer\rendergraph\RenderGraphResources.cpp">
      <Filter>src\renderer\rendergraph</Filter>
    </ClCompile>
    <ClCompile Include="src\renderer\rendergraph\RenderGraphBuilder.cpp">
      <Filter>src\renderer\rendergraph</Filter>
    </ClCompile>
    <!-- renderer / graph / passes / graphics -->
    <ClCompile Include="src\renderer\rendergraph\passes\graphics\CascadedShadowMapAtlasPass.cpp">
      <Filter>src\renderer\rendergraph\passes\graphics</Filter>
    </ClCompile>
    <ClCompile Include="src\renderer\rendergraph\passes\graphics\LineDebugPass.cpp">
      <Filter>src\renderer\rendergraph\passes\graphics</Filter>
    </ClCompile>
    <ClCompile Include="src\renderer\rendergraph\passes\graphics\FlashlightShadowMapPass.cpp">
      <Filter>src\renderer\rendergraph\passes\graphics</Filter>
    </ClCompile>
    <ClCompile Include="src\renderer\rendergraph\passes\graphics\ThePrepass.cpp">
      <Filter>src\renderer\rendergraph\passes\graphics</Filter>
    </ClCompile>
    <ClCompile Include="src\renderer\rendergraph\passes\graphics\TransparentForwardPass.cpp">
      <Filter>src\renderer\rendergraph\passes\graphics</Filter>
    </ClCompile>
    <!-- renderer / graph / passes / compute -->
    <ClCompile Include="src\renderer\rendergraph\passes\compute\ChromaticAberrationPass.cpp">
      <Filter>src\renderer\rendergraph\passes\compute</Filter>
    </ClCompile>
    <ClCompile Include="src\renderer\rendergraph\passes\compute\ClusteredLightsPass.cpp">
      <Filter>src\renderer\rendergraph\passes\compute</Filter>
    </ClCompile>
    <ClCompile Include="src\renderer\rendergraph\passes\compute\EnvironmentMapGenerationPass.cpp">
      <Filter>src\renderer\rendergraph\passes\compute</Filter>
    </ClCompile>
    <ClCompile Include="src\renderer\rendergraph\passes\compute\FinalCompositePass.cpp">
      <Filter>src\renderer\rendergraph\passes\compute</Filter>
    </ClCompile>
    <ClCompile Include="src\renderer\rendergraph\passes\compute\HierarchicalDepthGenerationPass.cpp">
      <Filter>src\renderer\rendergraph\passes\compute</Filter>
    </ClCompile>
    <ClCompile Include="src\renderer\rendergraph\passes\compute\LensFlarePass.cpp">
      <Filter>src\renderer\rendergraph\passes\compute</Filter>
    </ClCompile>
    <ClCompile Include="src\renderer\rendergraph\passes\compute\LuminanceExposurePass.cpp">
      <Filter>src\renderer\rendergraph\passes\compute</Filter>
    </ClCompile>
    <ClCompile Include="src\renderer\rendergraph\passes\compute\ScreenSpaceGlobalIlluminationPass.cpp">
      <Filter>src\renderer\rendergraph\passes\compute</Filter>
    </ClCompile>
    <ClCompile Include="src\renderer\rendergraph\passes\compute\ScreenSpaceContactShadowsPass.cpp">
      <Filter>src\renderer\rendergraph\passes\compute</Filter>
    </ClCompile>
    <ClCompile Include="src\renderer\rendergraph\passes\compute\HDRSceneCompositePass.cpp">
      <Filter>src\renderer\rendergraph\passes\compute</Filter>
    </ClCompile>
    <ClCompile Include="src\renderer\rendergraph\passes\compute\TemporalAntiAliasingPass.cpp">
      <Filter>src\renderer\rendergraph\passes\compute</Filter>
    </ClCompile>
    <ClCompile Include="src\renderer\rendergraph\passes\compute\NRDDenoisePass.cpp">
      <Filter>src\renderer\rendergraph\passes\compute</Filter>
    </ClCompile>
    <!-- renderer / graph / passes / command -->
    <ClCompile Include="src\renderer\rendergraph\passes\command\ImguiDrawPass.cpp">
      <Filter>src\renderer\rendergraph\passes\command</Filter>
    </ClCompile>
    <ClCompile Include="src\renderer\rendergraph\passes\command\SwapchainPresentPass.cpp">
      <Filter>src\renderer\rendergraph\passes\command</Filter>
    </ClCompile>
    <ClCompile Include="src\renderer\rendergraph\passes\command\TemporalCopyPass.cpp">
      <Filter>src\renderer\rendergraph\passes\command</Filter>
    </ClCompile>
    <!-- renderer / graph / scopes -->
    <ClCompile Include="src\renderer\rendergraph\scopes\GraphicsScope.cpp">
      <Filter>src\renderer\rendergraph\scopes</Filter>
    </ClCompile>
    <ClCompile Include="src\renderer\rendergraph\scopes\ComputeScope.cpp">
      <Filter>src\renderer\rendergraph\scopes</Filter>
    </ClCompile>
    <!-- renderer / frame -->
    <ClCompile Include="src\renderer\frame\FrameContext.cpp">
      <Filter>src\renderer\frame</Filter>
    </ClCompile>
    <ClCompile Include="src\renderer\frame\FrameResources.cpp">
      <Filter>src\renderer\frame</Filter>
    </ClCompile>
    <ClCompile Include="src\renderer\frame\SecondaryCmdArena.cpp">
      <Filter>src\renderer\frame</Filter>
    </ClCompile>
    <!-- renderer / scene -->
    <ClCompile Include="src\renderer\scene\Scene.cpp">
      <Filter>src\renderer\scene</Filter>
    </ClCompile>
    <ClCompile Include="src\renderer\scene\World.cpp">
      <Filter>src\renderer\scene</Filter>
    </ClCompile>
    <ClCompile Include="src\renderer\scene\DrawPreparation.cpp">
      <Filter>src\renderer\scene</Filter>
    </ClCompile>
    <ClCompile Include="src\renderer\scene\LightingSystem.cpp">
      <Filter>src\renderer\scene</Filter>
    </ClCompile>
    <!-- renderer / backend -->
    <ClCompile Include="src\renderer\backend\Device.cpp">
      <Filter>src\renderer\backend</Filter>
    </ClCompile>
    <ClCompile Include="src\renderer\backend\Swapchain.cpp">
      <Filter>src\renderer\backend</Filter>
    </ClCompile>
    <ClCompile Include="src\renderer\backend\Queue.cpp">
      <Filter>src\renderer\backend</Filter>
    </ClCompile>
    <ClCompile Include="src\renderer\backend\VulkanExtensionFunctions.cpp">
      <Filter>src\renderer\backend</Filter>
    </ClCompile>
    <ClCompile Include="src\renderer\backend\Sync.cpp">
      <Filter>src\renderer\backend</Filter>
    </ClCompile>
    <ClCompile Include="src\renderer\backend\PhysicalDeviceSelector.cpp">
      <Filter>src\renderer\backend</Filter>
    </ClCompile>
    <ClCompile Include="src\renderer\backend\descriptors\DescriptorManager.cpp">
      <Filter>src\renderer\backend\descriptors</Filter>
    </ClCompile>
    <ClCompile Include="src\renderer\backend\descriptors\DescriptorWriter.cpp">
      <Filter>src\renderer\backend\descriptors</Filter>
    </ClCompile>
    <ClCompile Include="src\renderer\backend\pipelines\PipelineManager.cpp">
      <Filter>src\renderer\backend\pipelines</Filter>
    </ClCompile>
    <ClCompile Include="src\renderer\backend\shaders\ShaderCompiler.cpp">
      <Filter>src\renderer\backend\shaders</Filter>
    </ClCompile>
    <ClCompile Include="src\renderer\backend\shaders\ShaderCache.cpp">
      <Filter>src\renderer\backend\shaders</Filter>
    </ClCompile>
    <ClCompile Include="src\renderer\backend\shaders\ShaderHotReload.cpp">
      <Filter>src\renderer\backend\shaders</Filter>
    </ClCompile>
    <ClCompile Include="src\renderer\backend\ImageUtils.cpp">
      <Filter>src\renderer\backend</Filter>
    </ClCompile>
    <ClCompile Include="src\renderer\backend\BufferBarriers.cpp">
      <Filter>src\renderer\backend</Filter>
    </ClCompile>
    <ClCompile Include="src\renderer\backend\nrd\NRDContext.cpp">
      <Filter>src\renderer\backend\nrd</Filter>
    </ClCompile>
    <!-- renderer / backend / memory -->
    <ClCompile Include="src\renderer\backend\memory\Staging.cpp">
      <Filter>src\renderer\backend\memory</Filter>
    </ClCompile>
    <ClCompile Include="src\renderer\backend\memory\ResourceAllocator.cpp">
      <Filter>src\renderer\backend\memory</Filter>
    </ClCompile>
    <ClCompile Include="src\renderer\backend\memory\BindlessImageTable.cpp">
      <Filter>src\renderer\backend\memory</Filter>
    </ClCompile>
    <ClCompile Include="src\renderer\backend\memory\BindlessBDATable.cpp">
      <Filter>src\renderer\backend\memory</Filter>
    </ClCompile>
    <!-- third-party (no PCH) -->
    <ClCompile Include="vendor\stb_image\stb_image.cpp">
      <Filter>vendor</Filter>
    </ClCompile>
    <ClCompile Include="vendor\bc7enc\bc7enc.cpp">
      <Filter>vendor</Filter>
    </ClCompile>
    <ClCompile Include="vendor\bc7enc\rgbcx.cpp">
      <Filter>vendor</Filter>
    </ClCompile>
    <ClCompile Include="vendor\vulkan\include\vma\vma.cpp">
      <Filter>vendor</Filter>
    </ClCompile>
    <ClCompile Include="vendor\enkiTS\TaskScheduler.cpp">
      <Filter>vendor</Filter>
    </ClCompile>
    <ClCompile Include="vendor\im_gui\imgui_impl_vulkan.cpp">
      <Filter>vendor</Filter>
    </ClCompile>
    <ClCompile Include="vendor\im_gui\imgui_impl_glfw.cpp">
      <Filter>vendor</Filter>
    </ClCompile>
    <ClCompile Include="vendor\im_gui\imgui.cpp">
      <Filter>vendor</Filter>
    </ClCompile>
    <ClCompile Include="vendor\im_gui\imgui_draw.cpp">
      <Filter>vendor</Filter>
    </ClCompile>
    <ClCompile Include="vendor\im_gui\imgui_widgets.cpp">
      <Filter>vendor</Filter>
    </ClCompile>
    <ClCompile Include="vendor\im_gui\imgui_tables.cpp">
      <Filter>vendor</Filter>
    </ClCompile>
    <ClCompile Include="vendor\fastgltf\fastgltf.cpp">
      <Filter>vendor</Filter>
    </ClCompile>
    <ClCompile Include="vendor\fastgltf\base64.cpp">
      <Filter>vendor</Filter>
    </ClCompile>
    <ClCompile Include="vendor\fastgltf\io.cpp">
      <Filter>vendor</Filter>
    </ClCompile>
    <ClCompile Include="vendor\simdjson\simdjson.cpp">
      <Filter>vendor</Filter>
    </ClCompile>
    <ClCompile Include="vendor\meshoptimizer\allocator.cpp">
      <Filter>vendor</Filter>
    </ClCompile>
    <ClCompile Include="vendor\meshoptimizer\clusterizer.cpp">
      <Filter>vendor</Filter>
    </ClCompile>
    <ClCompile Include="vendor\meshoptimizer\indexanalyzer.cpp">
      <Filter>vendor</Filter>
    </ClCompile>
    <ClCompile Include="vendor\meshoptimizer\indexcodec.cpp">
      <Filter>vendor</Filter>
    </ClCompile>
    <ClCompile Include="vendor\meshoptimizer\indexgenerator.cpp">
      <Filter>vendor</Filter>
    </ClCompile>
    <ClCompile Include="vendor\meshoptimizer\overdrawoptimizer.cpp">
      <Filter>vendor</Filter>
    </ClCompile>
    <ClCompile Include="vendor\meshoptimizer\partition.cpp">
      <Filter>vendor</Filter>
    </ClCompile>
    <ClCompile Include="vendor\meshoptimizer\quantization.cpp">
      <Filter>vendor</Filter>
    </ClCompile>
    <ClCompile Include="vendor\meshoptimizer\rasterizer.cpp">
      <Filter>vendor</Filter>
    </ClCompile>
    <ClCompile Include="vendor\meshoptimizer\simplifier.cpp">
      <Filter>vendor</Filter>
    </ClCompile>
    <ClCompile Include="vendor\meshoptimizer\spatialorder.cpp">
      <Filter>vendor</Filter>
    </ClCompile>
    <ClCompile Include="vendor\meshoptimizer\stripifier.cpp">
      <Filter>vendor</Filter>
    </ClCompile>
    <ClCompile Include="vendor\meshoptimizer\vcacheoptimizer.cpp">
      <Filter>vendor</Filter>
    </ClCompile>
    <ClCompile Include="vendor\meshoptimizer\vertexcodec.cpp">
      <Filter>vendor</Filter>
    </ClCompile>
    <ClCompile Include="vendor\meshoptimizer\vertexfilter.cpp">
      <Filter>vendor</Filter>
    </ClCompile>
    <ClCompile Include="vendor\meshoptimizer\vfetchoptimizer.cpp">
      <Filter>vendor</Filter>
    </ClCompile>
    <ClCompile Include="vendor\tracy\TracyClient.cpp">
      <Filter>vendor</Filter>
    </ClCompile>
    <ClCompile Include="vendor\fmt\format.cc">
      <Filter>vendor</Filter>
    </ClCompile>
    <ClCompile Include="src\renderer\rendergraph\passes\compute\BloomPass.cpp">
      <Filter>src\renderer\rendergraph\passes\compute</Filter>
    </ClCompile>
    <ClCompile Include="src\renderer\rendergraph\passes\compute\ShadowBoundsPass.cpp">
      <Filter>src\renderer\rendergraph\passes\compute</Filter>
    </ClCompile>
    <ClCompile Include="src\renderer\rendergraph\passes\compute\InstanceCullPass.cpp">
      <Filter>src\renderer\rendergraph\passes\compute</Filter>
    </ClCompile>
    <ClCompile Include="src\renderer\rendergraph\passes\compute\DrawBuildPass.cpp">
      <Filter>src\renderer\rendergraph\passes\compute</Filter>
    </ClCompile>
    <ClCompile Include="src\renderer\rendergraph\passes\compute\DebugDrawBuildPass.cpp">
      <Filter>src\renderer\rendergraph\passes\compute</Filter>
    </ClCompile>
    <ClCompile Include="src\renderer\rendergraph\passes\compute\OpaqueLightingPass.cpp">
      <Filter>src\renderer\rendergraph\passes\compute</Filter>
    </ClCompile>
    <ClCompile Include="src\renderer\rendergraph\passes\compute\MaterialResolvePass.cpp">
      <Filter>src\renderer\rendergraph\passes\compute</Filter>
    </ClCompile>
    <ClCompile Include="src\renderer\rendergraph\passes\compute\GBufferDebugPass.cpp">
      <Filter>src\renderer\rendergraph\passes\compute</Filter>
    </ClCompile>
    <ClCompile Include="src\renderer\rendergraph\passes\graphics\WireframePass.cpp">
      <Filter>src\renderer\rendergraph\passes\graphics</Filter>
    </ClCompile>
    <ClCompile Include="src\renderer\rendergraph\RenderGraphCompile.cpp">
      <Filter>src\renderer\rendergraph</Filter>
    </ClCompile>
    <ClCompile Include="src\renderer\rendergraph\passes\compute\VelocityResolvePass.cpp">
      <Filter>src\renderer\rendergraph\passes\compute</Filter>
    </ClCompile>
    <ClCompile Include="src\renderer\rendergraph\passes\compute\TopLevelAccelerationStructureBuildPass.cpp">
      <Filter>src\renderer\rendergraph\passes\compute</Filter>
    </ClCompile>
    <ClCompile Include="src\renderer\rendergraph\passes\compute\RayTracedReflectionsPass.cpp">
      <Filter>src\renderer\rendergraph\passes\compute</Filter>
    </ClCompile>
    <ClCompile Include="src\core\asset\AssetRegistry.cpp">
      <Filter>src\core\asset</Filter>
    </ClCompile>
    <ClCompile Include="src\core\asset\SceneSource.cpp">
      <Filter>src\core\asset</Filter>
    </ClCompile>
    <ClCompile Include="src\core\asset\SourceGeometry.cpp">
      <Filter>src\core\asset</Filter>
    </ClCompile>
    <ClCompile Include="src\core\asset\SceneCache.cpp">
      <Filter>src\core\asset</Filter>
    </ClCompile>
    <ClCompile Include="src\core\asset\importers\GltfImporter.cpp">
      <Filter>src\core\asset\importers</Filter>
    </ClCompile>
    <ClCompile Include="src\core\asset\importers\BCNCompression.cpp">
      <Filter>src\core\asset\importers</Filter>
    </ClCompile>
    <ClCompile Include="src\renderer\rendergraph\passes\compute\RayTracedShadowsPass.cpp">
      <Filter>src\renderer\rendergraph\passes\compute</Filter>
    </ClCompile>
    <ClCompile Include="src\renderer\rendergraph\passes\compute\VolumetricFogPass.cpp">
      <Filter>src\renderer\rendergraph\passes\compute</Filter>
    </ClCompile>
    <ClCompile Include="src\renderer\rendergraph\passes\compute\AtmosphericSkyPass.cpp">
      <Filter>src\renderer\rendergraph\passes\compute</Filter>
    </ClCompile>
    <ClCompile Include="src\renderer\rendergraph\passes\graphics\VolumetricShadowMap.cpp">
      <Filter>src\renderer\rendergraph\passes\graphics</Filter>
    </ClCompile>
    <ClCompile Include="src\renderer\rendergraph\passes\compute\ContrastAdaptiveSharpeningPass.cpp">
      <Filter>src\renderer\rendergraph\passes\compute</Filter>
    </ClCompile>
    <ClCompile Include="src\renderer\backend\pipelines\PipelineTable.cpp">
      <Filter>src\renderer\backend\pipelines</Filter>
    </ClCompile>
    <ClCompile Include="src\renderer\rendergraph\passes\compute\WorldProbesPass.cpp">
      <Filter>src\renderer\rendergraph\passes\compute</Filter>
    </ClCompile>
    <ClCompile Include="src\renderer\Renderer.cpp">
      <Filter>src\renderer</Filter>
    </ClCompile>
    <ClCompile Include="src\renderer\scene\WorldProbes.cpp">
      <Filter>src\renderer\scene</Filter>
    </ClCompile>
    <ClCompile Include="src\renderer\scene\RendererAssetUpload.cpp">
      <Filter>src\renderer\scene</Filter>
    </ClCompile>
  </ItemGroup>
  <!-- ===================== Headers ===================== -->
  <ItemGroup>
    <!-- common -->
    <ClInclude Include="src\common\Bounds.h">
      <Filter>src\common</Filter>
    </ClInclude>
    <ClInclude Include="src\common\Core.h">
      <Filter>src\common</Filter>
    </ClInclude>
    <ClInclude Include="src\common\Material.h">
      <Filter>src\common</Filter>
    </ClInclude>
    <ClInclude Include="src\common\Mesh.h">
      <Filter>src\common</Filter>
    </ClInclude>
    <ClInclude Include="src\common\pch.h">
      <Filter>src\common</Filter>
    </ClInclude>
    <ClInclude Include="src\common\glm_common.hpp">
      <Filter>src\common</Filter>
    </ClInclude>
    <ClInclude Include="src\common\Vertex.h">
      <Filter>src\common</Filter>
    </ClInclude>
    <ClInclude Include="src\common\ResourceTypes.h">
      <Filter>src\common</Filter>
    </ClInclude>
    <ClInclude Include="src\common\EngineTypes.h">
      <Filter>src\common</Filter>
    </ClInclude>
    <!-- core -->
    <ClInclude Include="src\core\Logging.h">
      <Filter>src\core</Filter>
    </ClInclude>
    <ClInclude Include="src\core\Engine.h">
      <Filter>src\core</Filter>
    </ClInclude>
    <ClInclude Include="src\core\JobSystem.h">
      <Filter>src\core</Filter>
    </ClInclude>
    <ClInclude Include="src\core\asset\AssetManager.h">
      <Filter>src\core\asset</Filter>
    </ClInclude>
    <ClInclude Include="src\core\Environment.h">
      <Filter>src\core</Filter>
    </ClInclude>
    <ClInclude Include="src\core\Window.h">
      <Filter>src\core</Filter>
    </ClInclude>
    <!-- input -->
    <ClInclude Include="src\input\UserInput.h">
      <Filter>src\input</Filter>
    </ClInclude>
    <ClInclude Include="src\input\Camera.h">
      <Filter>src\input</Filter>
    </ClInclude>
    <!-- profiler -->
    <ClInclude Include="src\profiler\ProfilerTypes.h">
      <Filter>src\profiler</Filter>
    </ClInclude>
    <ClInclude Include="src\profiler\Profiler.h">
      <Filter>src\profiler</Filter>
    </ClInclude>
    <ClInclude Include="src\profiler\EditorImgui.h">
      <Filter>src\profiler</Filter>
    </ClInclude>
    <ClInclude Include="src\profiler\ShaderEditorPanel.h">
      <Filter>src\profiler</Filter>
    </ClInclude>
    <!-- renderer -->
    <ClInclude Include="src\renderer\RendererDefinitions.h">
      <Filter>src\renderer</Filter>
    </ClInclude>
    <ClInclude Include="src\renderer\Renderer.h">
      <Filter>src\renderer</Filter>
    </ClInclude>
    <!-- renderer / frame -->
    <ClInclude Include="src\renderer\frame\FrameContext.h">
      <Filter>src\renderer\frame</Filter>
    </ClInclude>
    <ClInclude Include="src\renderer\frame\FrameResources.h">
      <Filter>src\renderer\frame</Filter>
    </ClInclude>
    <ClInclude Include="src\renderer\frame\SecondaryCmdArena.h">
      <Filter>src\renderer\frame</Filter>
    </ClInclude>
    <!-- renderer / rendergraph -->
    <ClInclude Include="src\renderer\rendergraph\RenderPasses.h">
      <Filter>src\renderer\rendergraph</Filter>
    </ClInclude>
    <ClInclude Include="src\renderer\rendergraph\RenderGraphResources.h">
      <Filter>src\renderer\rendergraph</Filter>
    </ClInclude>
    <ClInclude Include="src\renderer\rendergraph\RenderGraph.h">
      <Filter>src\renderer\rendergraph</Filter>
    </ClInclude>
    <ClInclude Include="src\renderer\rendergraph\RenderGraphBuilder.h">
      <Filter>src\renderer\rendergraph</Filter>
    </ClInclude>
    <!-- renderer / rendergraph / scopes -->
    <ClInclude Include="src\renderer\rendergraph\scopes\GraphicsScope.h">
      <Filter>src\renderer\rendergraph\scopes</Filter>
    </ClInclude>
    <ClInclude Include="src\renderer\rendergraph\scopes\ComputeScope.h">
      <Filter>src\renderer\rendergraph\scopes</Filter>
    </ClInclude>
    <!-- renderer / scene -->
    <ClInclude Include="src\renderer\scene\LightingSystem.h">
      <Filter>src\renderer\scene</Filter>
    </ClInclude>
    <ClInclude Include="src\renderer\scene\Scene.h">
      <Filter>src\renderer\scene</Filter>
    </ClInclude>
    <ClInclude Include="src\renderer\scene\World.h">
      <Filter>src\renderer\scene</Filter>
    </ClInclude>
    <ClInclude Include="src\renderer\scene\DrawPreparation.h">
      <Filter>src\renderer\scene</Filter>
    </ClInclude>
    <ClInclude Include="src\renderer\scene\AtmosphereState.h">
      <Filter>src\renderer\scene</Filter>
    </ClInclude>
    <ClInclude Include="src\renderer\scene\AtmosphereTypes.h">
      <Filter>src\renderer\scene</Filter>
    </ClInclude>
    <!-- renderer / backend -->
    <ClInclude Include="src\renderer\backend\Device.h">
      <Filter>src\renderer\backend</Filter>
    </ClInclude>
    <ClInclude Include="src\renderer\backend\Swapchain.h">
      <Filter>src\renderer\backend</Filter>
    </ClInclude>
    <ClInclude Include="src\renderer\backend\Queue.h">
      <Filter>src\renderer\backend</Filter>
    </ClInclude>
    <ClInclude Include="src\renderer\backend\PhysicalDeviceSelector.h">
      <Filter>src\renderer\backend</Filter>
    </ClInclude>
    <ClInclude Include="src\renderer\backend\Debugging.h">
      <Filter>src\renderer\backend</Filter>
    </ClInclude>
    <ClInclude Include="src\renderer\backend\descriptors\DescriptorManager.h">
      <Filter>src\renderer\backend\descriptors</Filter>
    </ClInclude>
    <ClInclude Include="src\renderer\backend\descriptors\DescriptorWriter.h">
      <Filter>src\renderer\backend\descriptors</Filter>
    </ClInclude>
    <ClInclude Include="src\renderer\backend\pipelines\PipelineManager.h">
      <Filter>src\renderer\backend\pipelines</Filter>
    </ClInclude>
    <ClInclude Include="src\renderer\backend\shaders\ShaderCompiler.h">
      <Filter>src\renderer\backend\shaders</Filter>
    </ClInclude>
    <ClInclude Include="src\renderer\backend\shaders\ShaderCache.h">
      <Filter>src\renderer\backend\shaders</Filter>
    </ClInclude>
    <ClInclude Include="src\renderer\backend\shaders\ShaderHotReload.h">
      <Filter>src\renderer\backend\shaders</Filter>
    </ClInclude>
    <ClInclude Include="src\renderer\backend\VulkanExtensionFunctions.h">
      <Filter>src\renderer\backend</Filter>
    </ClInclude>
    <ClInclude Include="src\renderer\backend\pipelines\PipelineBuilder.h">
      <Filter>src\renderer\backend\pipelines</Filter>
    </ClInclude>
    <ClInclude Include="src\renderer\backend\VulkanForward.h">
      <Filter>src\renderer\backend</Filter>
    </ClInclude>
    <ClInclude Include="src\renderer\backend\VulkanTypes.h">
      <Filter>src\renderer\backend</Filter>
    </ClInclude>
    <ClInclude Include="src\renderer\backend\ImageUtils.h">
      <Filter>src\renderer\backend</Filter>
    </ClInclude>
    <ClInclude Include="src\renderer\backend\BufferBarriers.h">
      <Filter>src\renderer\backend</Filter>
    </ClInclude>
    <ClInclude Include="src\renderer\backend\nrd\NRDContext.h">
      <Filter>src\renderer\backend\nrd</Filter>
    </ClInclude>
    <!-- renderer / backend / memory -->
    <ClInclude Include="src\renderer\backend\memory\ResourceAllocator.h">
      <Filter>src\renderer\backend\memory</Filter>
    </ClInclude>
    <ClInclude Include="src\renderer\backend\memory\TextureStaging.h">
      <Filter>src\renderer\backend\memory</Filter>
    </ClInclude>
    <ClInclude Include="src\renderer\backend\memory\AllocatedImage.h">
      <Filter>src\renderer\backend\memory</Filter>
    </ClInclude>
    <ClInclude Include="src\renderer\backend\memory\AllocatedBuffer.h">
      <Filter>src\renderer\backend\memory</Filter>
    </ClInclude>
    <ClInclude Include="src\renderer\backend\memory\BindlessImageTable.h">
      <Filter>src\renderer\backend\memory</Filter>
    </ClInclude>
    <ClInclude Include="src\renderer\backend\memory\BindlessBDATable.h">
      <Filter>src\renderer\backend\memory</Filter>
    </ClInclude>
    <ClInclude Include="src\renderer\backend\memory\Budgets.h">
      <Filter>src\renderer\backend\memory</Filter>
    </ClInclude>
    <ClInclude Include="src\renderer\backend\memory\Staging.h">
      <Filter>src\renderer\backend\memory</Filter>
    </ClInclude>
    <ClInclude Include="src\renderer\backend\memory\VmaForward.h">
      <Filter>src\renderer\backend\memory</Filter>
    </ClInclude>
    <ClInclude Include="src\renderer\backend\memory\ImageSpecs.h">
      <Filter>src\renderer\backend\memory</Filter>
    </ClInclude>
    <!-- assets -->
    <ClInclude Include="res\assets\AreaTex.h">
      <Filter>res\assets</Filter>
    </ClInclude>
    <ClInclude Include="res\assets\SearchTex.h">
      <Filter>res\assets</Filter>
    </ClInclude>
    <ClInclude Include="src\core\asset\AssetUploadTypes.h">
      <Filter>src\core\asset</Filter>
    </ClInclude>
    <ClInclude Include="src\renderer\backend\Sync.h">
      <Filter>src\renderer\backend</Filter>
    </ClInclude>
    <ClInclude Include="src\renderer\rendergraph\RenderGraphSchedule.h">
      <Filter>src\renderer\rendergraph</Filter>
    </ClInclude>
    <ClInclude Include="src\core\asset\AssetRegistry.h">
      <Filter>src\core\asset</Filter>
    </ClInclude>
    <ClInclude Include="src\core\asset\SceneSource.h">
      <Filter>src\core\asset</Filter>
    </ClInclude>
    <ClInclude Include="src\core\asset\SourceGeometry.h">
      <Filter>src\core\asset</Filter>
    </ClInclude>
    <ClInclude Include="src\core\asset\SceneCache.h">
      <Filter>src\core\asset</Filter>
    </ClInclude>
    <ClInclude Include="src\core\asset\importers\GltfImporter.h">
      <Filter>src\core\asset\importers</Filter>
    </ClInclude>
    <ClInclude Include="src\core\asset\importers\BCNCompression.h">
      <Filter>src\core\asset\importers</Filter>
    </ClInclude>
    <!-- vendor -->
    <ClInclude Include="vendor\bc7enc\bc7enc.h">
      <Filter>vendor</Filter>
    </ClInclude>
    <ClInclude Include="vendor\bc7enc\rgbcx.h">
      <Filter>vendor</Filter>
    </ClInclude>
    <ClInclude Include="vendor\bc7enc\rgbcx_table4.h">
      <Filter>vendor</Filter>
    </ClInclude>
    <ClInclude Include="vendor\bc7enc\rgbcx_table4_small.h">
      <Filter>vendor</Filter>
    </ClInclude>
    <ClInclude Include="src\renderer\frame\ResizeCoordinator.h">
      <Filter>src\renderer\frame</Filter>
    </ClInclude>
    <ClInclude Include="src\renderer\backend\pipelines\PipelineDefs.h">
      <Filter>src\renderer\backend\pipelines</Filter>
    </ClInclude>
    <ClInclude Include="src\renderer\backend\pipelines\PipelineTable.h">
      <Filter>src\renderer\backend\pipelines</Filter>
    </ClInclude>
    <ClInclude Include="src\renderer\scene\LightUnits.h">
      <Filter>src\renderer\scene</Filter>
    </ClInclude>
    <ClInclude Include="src\renderer\scene\WorldProbeTypes.h">
      <Filter>src\renderer\scene</Filter>
    </ClInclude>
    <ClInclude Include="src\renderer\scene\WorldProbeBudget.h">
      <Filter>src\renderer\scene</Filter>
    </ClInclude>
  </ItemGroup>
  <!-- ===================== Shaders/Assets (None) ===================== -->
  <ItemGroup>
    <None Include="build_nrd.bat" />
    <!-- ssgi -->
    <None Include="res\shaders\ssgi\hi_z_prefilter.comp">
      <Filter>res\shaders\ssgi</Filter>
    </None>
    <None Include="res\shaders\ssgi\gi_denoise.comp">
      <Filter>res\shaders\ssgi</Filter>
    </None>
    <None Include="res\shaders\ssgi\ao_denoise.comp">
      <Filter>res\shaders\ssgi</Filter>
    </None>
    <None Include="res\shaders\ssgi\bilateral_upsample.comp">
      <Filter>res\shaders\ssgi</Filter>
    </None>
    <None Include="res\shaders\ssgi\vbgi_main.comp">
      <Filter>res\shaders\ssgi</Filter>
    </None>
    <None Include="res\shaders\ssgi\gi_accumulate.comp">
      <Filter>res\shaders\ssgi</Filter>
    </None>
    <!-- clustered -->
    <None Include="res\shaders\clustered\cluster_count.comp">
      <Filter>res\shaders\clustered</Filter>
    </None>
    <None Include="res\shaders\clustered\cluster_scan_offsets.comp">
      <Filter>res\shaders\clustered</Filter>
    </None>
    <None Include="res\shaders\clustered\cluster_scatter_ids.comp">
      <Filter>res\shaders\clustered</Filter>
    </None>
    <None Include="res\shaders\clustered\cluster_tile_slice_ranges.comp">
      <Filter>res\shaders\clustered</Filter>
    </None>
    <None Include="res\shaders\clustered\lights_indirect_args.comp">
      <Filter>res\shaders\clustered</Filter>
    </None>
    <None Include="res\shaders\clustered\light_culling.comp">
      <Filter>res\shaders\clustered</Filter>
    </None>
    <!-- core -->
    <None Include="res\shaders\core\transparent_forward.frag">
      <Filter>res\shaders\core</Filter>
    </None>
    <None Include="res\shaders\core\hdr_scene_composite.comp">
      <Filter>res\shaders\core</Filter>
    </None>
    <None Include="res\shaders\core\prepassFS.frag">
      <Filter>res\shaders\core</Filter>
    </None>
    <None Include="res\shaders\core\prepassFS_masked.frag">
      <Filter>res\shaders\core</Filter>
    </None>
    <None Include="res\shaders\core\hi_z_gen.comp">
      <Filter>res\shaders\core</Filter>
    </None>
    <None Include="res\shaders\core\nrd_prepare.comp">
      <Filter>res\shaders\core</Filter>
    </None>
    <None Include="res\shaders\core\rt_ray_args.comp">
      <Filter>res\shaders\core</Filter>
    </None>
    <!-- debug -->
    <None Include="res\shaders\debug\line_debugVS.vert">
      <Filter>res\shaders\debug</Filter>
    </None>
    <None Include="res\shaders\debug\line_debugFS.frag">
      <Filter>res\shaders\debug</Filter>
    </None>
    <!-- environment -->
    <None Include="res\shaders\environment\hdr2cubemap.comp">
      <Filter>res\shaders\environment</Filter>
    </None>
    <None Include="res\shaders\environment\specular_prefilter.comp">
      <Filter>res\shaders\environment</Filter>
    </None>
    <None Include="res\shaders\environment\sh_irradiance.comp">
      <Filter>res\shaders\environment</Filter>
    </None>
    <None Include="res\shaders\environment\brdf_lut.comp">
      <Filter>res\shaders\environment</Filter>
    </None>
    <!-- include -->
    <None Include="res\shaders\include\rt_params.glsl">
      <Filter>res\shaders\include</Filter>
    </None>
    <None Include="res\shaders\include\common.glsl">
      <Filter>res\shaders\include</Filter>
    </None>
    <None Include="res\shaders\include\clustered.glsl">
      <Filter>res\shaders\include</Filter>
    </None>
    <None Include="res\shaders\include\nrd_common.glsl">
      <Filter>res\shaders\include</Filter>
    </None>
    <None Include="res\shaders\include\shadow.glsl">
      <Filter>res\shaders\include</Filter>
    </None>
    <None Include="res\shaders\include\pbr.glsl">
      <Filter>res\shaders\include</Filter>
    </None>
    <None Include="res\shaders\include\atmosphere.glsl">
      <Filter>res\shaders\include</Filter>
    </None>
    <None Include="res\shaders\include\atmosphere_math.glsl">
      <Filter>res\shaders\include</Filter>
    </None>
    <None Include="res\shaders\include\atmosphere_lighting.glsl">
      <Filter>res\shaders\include</Filter>
    </None>
    <None Include="res\shaders\include\froxel.glsl">
      <Filter>res\shaders\include</Filter>
    </None>
    <None Include="res\shaders\include\culling.glsl">
      <Filter>res\shaders\include</Filter>
    </None>
    <None Include="res\shaders\include\bindings.glsl">
      <Filter>res\shaders\include</Filter>
    </None>
    <None Include="res\shaders\include\instances.glsl">
      <Filter>res\shaders\include</Filter>
    </None>
    <None Include="res\shaders\include\draws.glsl">
      <Filter>res\shaders\include</Filter>
    </None>
    <None Include="res\shaders\include\barycentric.glsl">
      <Filter>res\shaders\include</Filter>
    </None>
    <None Include="res\shaders\include\visbuffer.glsl">
      <Filter>res\shaders\include</Filter>
    </None>
    <None Include="res\shaders\include\lighting.glsl">
      <Filter>res\shaders\include</Filter>
    </None>
    <None Include="res\shaders\include\debug_views.glsl">
      <Filter>res\shaders\include</Filter>
    </None>
    <None Include="res\shaders\include\meshlet_cull.glsl">
      <Filter>res\shaders\include</Filter>
    </None>
    <None Include="res\shaders\include\depth.glsl">
      <Filter>res\shaders\include</Filter>
    </None>
    <None Include="res\shaders\include\reflect_common.glsl">
      <Filter>res\shaders\include</Filter>
    </None>
    <None Include="res\shaders\include\rt_geometry.glsl">
      <Filter>res\shaders\include</Filter>
    </None>
    <None Include="res\shaders\include\rt_core.glsl">
      <Filter>res\shaders\include</Filter>
    </None>
    <None Include="res\shaders\include\rt_sampling.glsl">
      <Filter>res\shaders\include</Filter>
    </None>
    <None Include="res\shaders\include\rt_shadow.glsl">
      <Filter>res\shaders\include</Filter>
    </None>
    <None Include="res\shaders\include\rt_shade.glsl">
      <Filter>res\shaders\include</Filter>
    </None>
    <None Include="res\shaders\include\rt_shadow_common.glsl">
      <Filter>res\shaders\include</Filter>
    </None>
    <None Include="res\shaders\include\textures.glsl">
      <Filter>res\shaders\include</Filter>
    </None>
    <!-- post_process -->
    <None Include="res\shaders\post_process\chromatic_aberration.comp">
      <Filter>res\shaders\post_process</Filter>
    </None>
    <None Include="res\shaders\post_process\exposure_finalize.comp">
      <Filter>res\shaders\post_process</Filter>
    </None>
    <None Include="res\shaders\post_process\exposure_reduce.comp">
      <Filter>res\shaders\post_process</Filter>
    </None>
    <None Include="res\shaders\post_process\final_composite.comp">
      <Filter>res\shaders\post_process</Filter>
    </None>
    <None Include="res\shaders\post_process\flare_bright.comp">
      <Filter>res\shaders\post_process</Filter>
    </None>
    <None Include="res\shaders\post_process\flare_gen.comp">
      <Filter>res\shaders\post_process</Filter>
    </None>
    <None Include="res\shaders\post_process\taa.comp">
      <Filter>res\shaders\post_process</Filter>
    </None>
    <!-- volumetric fog -->
    <None Include="res\shaders\volumetric_fog\froxel_inject.comp">
      <Filter>res\shaders\volumetric_fog</Filter>
    </None>
    <None Include="res\shaders\volumetric_fog\froxel_reproject.comp">
      <Filter>res\shaders\volumetric_fog</Filter>
    </None>
    <None Include="res\shaders\volumetric_fog\froxel_integrate.comp">
      <Filter>res\shaders\volumetric_fog</Filter>
    </None>
    <!-- sky -->
    <None Include="res\shaders\sky\atmosphere_transmittance.comp">
      <Filter>res\shaders\sky</Filter>
    </None>
    <None Include="res\shaders\sky\atmosphere_lighting.comp">
      <Filter>res\shaders\sky</Filter>
    </None>
    <None Include="res\shaders\sky\sky_view.comp">
      <Filter>res\shaders\sky</Filter>
    </None>
    <None Include="res\shaders\sky\sky_render.comp">
      <Filter>res\shaders\sky</Filter>
    </None>
    <!-- shadows -->
    <None Include="res\shaders\shadows\bend_sss.comp">
      <Filter>res\shaders\shadows</Filter>
    </None>
    <!-- visibility -->
    <None Include="res\shaders\visibility\instance_cull.comp">
      <Filter>res\shaders\visibility</Filter>
    </None>
    <None Include="res\shaders\debug\wireframeFS.frag">
      <Filter>res\shaders\debug</Filter>
    </None>
    <None Include="res\shaders\post_process\bloom_downsample.comp">
      <Filter>res\shaders\post_process</Filter>
    </None>
    <None Include="res\shaders\post_process\bloom_upsample.comp">
      <Filter>res\shaders\post_process</Filter>
    </None>
    <None Include="res\shaders\shadows\shadow_bounds.comp">
      <Filter>res\shaders\shadows</Filter>
    </None>
    <None Include="res\shaders\visibility\draw_args.comp">
      <Filter>res\shaders\visibility</Filter>
    </None>
    <None Include="res\shaders\visibility\draw_emit.comp">
      <Filter>res\shaders\visibility</Filter>
    </None>
    <None Include="res\shaders\visibility\draw_scatter.comp">
      <Filter>res\shaders\visibility</Filter>
    </None>
    <None Include="res\shaders\visibility\draw_place.comp">
      <Filter>res\shaders\visibility</Filter>
    </None>
    <None Include="res\shaders\debug\debug_count.comp">
      <Filter>res\shaders\debug</Filter>
    </None>
    <None Include="res\shaders\debug\debug_args.comp">
      <Filter>res\shaders\debug</Filter>
    </None>
    <None Include="res\shaders\debug\debug_build.comp">
      <Filter>res\shaders\debug</Filter>
    </None>
    <None Include="res\shaders\core\material_resolve.comp">
      <Filter>res\shaders\core</Filter>
    </None>
    <None Include="res\shaders\core\opaque_lighting.comp">
      <Filter>res\shaders\core</Filter>
    </None>
    <None Include="res\shaders\debug\gbuffer_view.comp">
      <Filter>res\shaders\debug</Filter>
    </None>
    <None Include="res\shaders\shadows\shadowM.mesh">
      <Filter>res\shaders\shadows</Filter>
    </None>
    <None Include="res\shaders\shadows\shadowT.task">
      <Filter>res\shaders\shadows</Filter>
    </None>
    <None Include="res\shaders\debug\wireframeM.mesh">
      <Filter>res\shaders\debug</Filter>
    </None>
    <None Include="res\shaders\visibility\prepass_mesh.mesh">
      <Filter>res\shaders\visibility</Filter>
    </None>
    <None Include="res\shaders\visibility\meshlet_cull.task">
      <Filter>res\shaders\visibility</Filter>
    </None>
    <None Include="res\shaders\visibility\prepass_masked_mesh.mesh">
      <Filter>res\shaders\visibility</Filter>
    </None>
    <None Include="res\shaders\core\velocity_resolve.comp">
      <Filter>res\shaders\core</Filter>
    </None>
    <None Include="res\shaders\deprecated\cmaa2_deferred_resolve.comp">
      <Filter>res\shaders\deprecated</Filter>
    </None>
    <None Include="res\shaders\deprecated\cmaa2_edges.comp">
      <Filter>res\shaders\deprecated</Filter>
    </None>
    <None Include="res\shaders\deprecated\cmaa2_indirect_args.comp">
      <Filter>res\shaders\deprecated</Filter>
    </None>
    <None Include="res\shaders\deprecated\cmaa2_shape_candidates.comp">
      <Filter>res\shaders\deprecated</Filter>
    </None>
    <None Include="res\shaders\deprecated\fxaa.comp">
      <Filter>res\shaders\deprecated</Filter>
    </None>
    <None Include="res\shaders\deprecated\smaa_blend.comp">
      <Filter>res\shaders\deprecated</Filter>
    </None>
    <None Include="res\shaders\deprecated\smaa_edges.comp">
      <Filter>res\shaders\deprecated</Filter>
    </None>
    <None Include="res\shaders\deprecated\smaa_weights.comp">
      <Filter>res\shaders\deprecated</Filter>
    </None>
    <None Include="res\shaders\deprecated\cmaa2.glsl">
      <Filter>res\shaders\deprecated</Filter>
    </None>
    <None Include="res\shaders\core\tlas_instances.comp">
      <Filter>res\shaders\core</Filter>
    </None>
    <None Include="res\shaders\reflections\reflect_classify.comp">
      <Filter>res\shaders\reflections</Filter>
    </None>
    <None Include="res\shaders\clustered\transparent_cluster_bounds.comp">
      <Filter>res\shaders\clustered</Filter>
    </None>
    <None Include="res\shaders\shadows\shadow_maskedFS.frag">
      <Filter>res\shaders\shadows</Filter>
    </None>
    <None Include="res\shaders\shadows\shadow_masked.mesh">
      <Filter>res\shaders\shadows</Filter>
    </None>
    <None Include="res\shaders\reflections\rt_reflect_trace.comp">
      <Filter>res\shaders\reflections</Filter>
    </None>
    <None Include="res\shaders\shadows\rt_shadow_trace.comp">
      <Filter>res\shaders\shadows</Filter>
    </None>
    <None Include="res\shaders\shadows\rt_shadow_classify.comp">
      <Filter>res\shaders\shadows</Filter>
    </None>
    <None Include="res\shaders\core\transparent_cull.task">
      <Filter>res\shaders\core</Filter>
    </None>
    <None Include="res\shaders\core\transparent_draw.mesh">
      <Filter>res\shaders\core</Filter>
    </None>
    <None Include="res\shaders\post_process\shading_signal_reduce.comp">
      <Filter>res\shaders\post_process</Filter>
    </None>
    <None Include="res\shaders\post_process\cas.comp">
      <Filter>res\shaders\post_process</Filter>
    </None>
    <None Include="res\shaders\shadows\rt_shadow_volume_build.comp">
      <Filter>res\shaders\shadows</Filter>
    </None>
    <None Include="res\shaders\shadows\rt_shadow_invalid_mask.comp">
      <Filter>res\shaders\shadows</Filter>
    </None>
    <None Include="res\shaders\include\world_probe.glsl">
      <Filter>res\shaders\include</Filter>
    </None>
    <None Include="res\shaders\include\world_probe_rt.glsl">
      <Filter>res\shaders\include</Filter>
    </None>
    <None Include="res\shaders\world_probes\wp_inject.comp">
      <Filter>res\shaders\world_probes</Filter>
    </None>
    <None Include="res\shaders\world_probes\wp_sky_trace.comp">
      <Filter>res\shaders\world_probes</Filter>
    </None>
    <None Include="res\shaders\world_probes\wp_prepare.comp">
      <Filter>res\shaders\world_probes</Filter>
    </None>
    <None Include="res\shaders\world_probes\wp_relocate.comp">
      <Filter>res\shaders\world_probes</Filter>
    </None>
    <None Include="res\shaders\world_probes\wp_debug.comp">
      <Filter>res\shaders\world_probes</Filter>
    </None>
    <None Include="res\shaders\world_probes\wp_relight.comp">
      <Filter>res\shaders\world_probes</Filter>
    </None>
    <None Include="res\shaders\include\world_probe_resolve.glsl">
      <Filter>res\shaders\include</Filter>
    </None>
    <None Include="res\shaders\world_probes\wp_resolve.comp">
      <Filter>res\shaders\world_probes</Filter>
    </None>
    <None Include="res\shaders\ssgi\ao_temporal.comp">
      <Filter>res\shaders\ssgi</Filter>
    </None>
    <None Include="res\shaders\include\ssgi_push.glsl">
      <Filter>res\shaders\include</Filter>
    </None>
    <None Include="res\shaders\include\world_probe_cache_common.glsl">
      <Filter>res\shaders\include</Filter>
    </None>
    <None Include="res\shaders\include\world_probe_surface.glsl">
      <Filter>res\shaders\include</Filter>
    </None>
    <None Include="res\shaders\include\world_probe_packing.glsl">
      <Filter>res\shaders\include</Filter>
    </None>
    <None Include="res\shaders\include\world_probe_coefficients.glsl">
      <Filter>res\shaders\include</Filter>
    </None>
    <None Include="res\shaders\include\world_probe_cache.glsl">
      <Filter>res\shaders\include</Filter>
    </None>
    <None Include="res\shaders\include\world_probe_types.glsl">
      <Filter>res\shaders\include</Filter>
    </None>
    <None Include="res\shaders\world_probes\wp_reconstruct.comp">
      <Filter>res\shaders\world_probes</Filter>
    </None>
    <None Include="res\shaders\world_probes\wp_cache_resolve.comp">
      <Filter>res\shaders\world_probes</Filter>
    </None>
    <None Include="res\shaders\world_probes\wp_sky_mean.comp">
      <Filter>res\shaders\world_probes</Filter>
    </None>
    <None Include="res\shaders\world_probes\wp_cache_fallback.comp">
      <Filter>res\shaders\world_probes</Filter>
    </None>
  </ItemGroup>
</Project>